// !$*UTF8*$!
{
	archiveVersion = 1;
	classes = {
	};
	objectVersion = 50;
	objects = {

/* Begin PBXBuildFile section */
		662D3B4B2329143500BC3009 /* TodoResponseModel.swift in Sources */ = {isa = PBXBuildFile; fileRef = 662D3B4A2329143500BC3009 /* TodoResponseModel.swift */; };
		662D3B4D2329144400BC3009 /* TodoDomainModel.swift in Sources */ = {isa = PBXBuildFile; fileRef = 662D3B4C2329144400BC3009 /* TodoDomainModel.swift */; };
		662D3B5023291BB600BC3009 /* TaskTableViewCell.swift in Sources */ = {isa = PBXBuildFile; fileRef = 662D3B4F23291BB600BC3009 /* TaskTableViewCell.swift */; };
		662D3B5323291DAD00BC3009 /* Alertable.swift in Sources */ = {isa = PBXBuildFile; fileRef = 662D3B5223291DAD00BC3009 /* Alertable.swift */; };
		662D3B5623291E6000BC3009 /* TodoListModel.swift in Sources */ = {isa = PBXBuildFile; fileRef = 662D3B5523291E6000BC3009 /* TodoListModel.swift */; };
		668D550023284871005BE83A /* AppDelegate.swift in Sources */ = {isa = PBXBuildFile; fileRef = 668D54FF23284871005BE83A /* AppDelegate.swift */; };
		668D550223284871005BE83A /* TodoListViewController.swift in Sources */ = {isa = PBXBuildFile; fileRef = 668D550123284871005BE83A /* TodoListViewController.swift */; };
		668D550523284871005BE83A /* Main.storyboard in Resources */ = {isa = PBXBuildFile; fileRef = 668D550323284871005BE83A /* Main.storyboard */; };
		668D550723284872005BE83A /* Assets.xcassets in Resources */ = {isa = PBXBuildFile; fileRef = 668D550623284872005BE83A /* Assets.xcassets */; };
		668D550A23284872005BE83A /* LaunchScreen.storyboard in Resources */ = {isa = PBXBuildFile; fileRef = 668D550823284872005BE83A /* LaunchScreen.storyboard */; };
		668D551923284900005BE83A /* NetworkManager.swift in Sources */ = {isa = PBXBuildFile; fileRef = 668D551823284900005BE83A /* NetworkManager.swift */; };
		668D551C23284908005BE83A /* HTTPMethod.swift in Sources */ = {isa = PBXBuildFile; fileRef = 668D551A23284908005BE83A /* HTTPMethod.swift */; };
		668D551D23284908005BE83A /* RequestBuilder.swift in Sources */ = {isa = PBXBuildFile; fileRef = 668D551B23284908005BE83A /* RequestBuilder.swift */; };
		668D552123291281005BE83A /* TodosService.swift in Sources */ = {isa = PBXBuildFile; fileRef = 668D552023291281005BE83A /* TodosService.swift */; };
/* End PBXBuildFile section */

/* Begin PBXFileReference section */
		662D3B4A2329143500BC3009 /* TodoResponseModel.swift */ = {isa = PBXFileReference; lastKnownFileType = sourcecode.swift; path = TodoResponseModel.swift; sourceTree = "<group>"; };
		662D3B4C2329144400BC3009 /* TodoDomainModel.swift */ = {isa = PBXFileReference; lastKnownFileType = sourcecode.swift; path = TodoDomainModel.swift; sourceTree = "<group>"; };
		662D3B4F23291BB600BC3009 /* TaskTableViewCell.swift */ = {isa = PBXFileReference; lastKnownFileType = sourcecode.swift; path = TaskTableViewCell.swift; sourceTree = "<group>"; };
		662D3B5223291DAD00BC3009 /* Alertable.swift */ = {isa = PBXFileReference; fileEncoding = 4; lastKnownFileType = sourcecode.swift; path = Alertable.swift; sourceTree = "<group>"; };
		662D3B5523291E6000BC3009 /* TodoListModel.swift */ = {isa = PBXFileReference; lastKnownFileType = sourcecode.swift; path = TodoListModel.swift; sourceTree = "<group>"; };
		668D54FC23284871005BE83A /* NetworkManager_Example.app */ = {isa = PBXFileReference; explicitFileType = wrapper.application; includeInIndex = 0; path = NetworkManager_Example.app; sourceTree = BUILT_PRODUCTS_DIR; };
		668D54FF23284871005BE83A /* AppDelegate.swift */ = {isa = PBXFileReference; lastKnownFileType = sourcecode.swift; path = AppDelegate.swift; sourceTree = "<group>"; };
		668D550123284871005BE83A /* TodoListViewController.swift */ = {isa = PBXFileReference; lastKnownFileType = sourcecode.swift; path = TodoListViewController.swift; sourceTree = "<group>"; };
		668D550423284871005BE83A /* Base */ = {isa = PBXFileReference; lastKnownFileType = file.storyboard; name = Base; path = Base.lproj/Main.storyboard; sourceTree = "<group>"; };
		668D550623284872005BE83A /* Assets.xcassets */ = {isa = PBXFileReference; lastKnownFileType = folder.assetcatalog; path = Assets.xcassets; sourceTree = "<group>"; };
		668D550923284872005BE83A /* Base */ = {isa = PBXFileReference; lastKnownFileType = file.storyboard; name = Base; path = Base.lproj/LaunchScreen.storyboard; sourceTree = "<group>"; };
		668D550B23284872005BE83A /* Info.plist */ = {isa = PBXFileReference; lastKnownFileType = text.plist.xml; path = Info.plist; sourceTree = "<group>"; };
		668D551823284900005BE83A /* NetworkManager.swift */ = {isa = PBXFileReference; fileEncoding = 4; lastKnownFileType = sourcecode.swift; path = NetworkManager.swift; sourceTree = "<group>"; };
		668D551A23284908005BE83A /* HTTPMethod.swift */ = {isa = PBXFileReference; fileEncoding = 4; lastKnownFileType = sourcecode.swift; path = HTTPMethod.swift; sourceTree = "<group>"; };
		668D551B23284908005BE83A /* RequestBuilder.swift */ = {isa = PBXFileReference; fileEncoding = 4; lastKnownFileType = sourcecode.swift; path = RequestBuilder.swift; sourceTree = "<group>"; };
		668D552023291281005BE83A /* TodosService.swift */ = {isa = PBXFileReference; lastKnownFileType = sourcecode.swift; path = TodosService.swift; sourceTree = "<group>"; };
/* End PBXFileReference section */

/* Begin PBXFrameworksBuildPhase section */
		668D54F923284871005BE83A /* Frameworks */ = {
			isa = PBXFrameworksBuildPhase;
			buildActionMask = 2147483647;
			files = (
			);
			runOnlyForDeploymentPostprocessing = 0;
		};
/* End PBXFrameworksBuildPhase section */

/* Begin PBXGroup section */
		662D3B492329142700BC3009 /* Todos */ = {
			isa = PBXGroup;
			children = (
				662D3B4A2329143500BC3009 /* TodoResponseModel.swift */,
				662D3B4C2329144400BC3009 /* TodoDomainModel.swift */,
			);
			path = Todos;
			sourceTree = "<group>";
		};
		662D3B4E232919DF00BC3009 /* TodoList */ = {
			isa = PBXGroup;
			children = (
				662D3B5423291E5500BC3009 /* Model */,
				662D3B5723291E6500BC3009 /* Controller */,
			);
			path = TodoList;
			sourceTree = "<group>";
		};
		662D3B5123291D5400BC3009 /* Extensions */ = {
			isa = PBXGroup;
			children = (
				662D3B5223291DAD00BC3009 /* Alertable.swift */,
			);
			path = Extensions;
			sourceTree = "<group>";
		};
		662D3B5423291E5500BC3009 /* Model */ = {
			isa = PBXGroup;
			children = (
				662D3B5523291E6000BC3009 /* TodoListModel.swift */,
			);
			path = Model;
			sourceTree = "<group>";
		};
		662D3B5723291E6500BC3009 /* Controller */ = {
			isa = PBXGroup;
			children = (
				668D550123284871005BE83A /* TodoListViewController.swift */,
				662D3B5823291E7600BC3009 /* Cell */,
			);
			path = Controller;
			sourceTree = "<group>";
		};
		662D3B5823291E7600BC3009 /* Cell */ = {
			isa = PBXGroup;
			children = (
				662D3B4F23291BB600BC3009 /* TaskTableViewCell.swift */,
			);
			path = Cell;
			sourceTree = "<group>";
		};
		668D54F323284871005BE83A = {
			isa = PBXGroup;
			children = (
				668D54FE23284871005BE83A /* NetworkManager_Example */,
				668D54FD23284871005BE83A /* Products */,
			);
			sourceTree = "<group>";
		};
		668D54FD23284871005BE83A /* Products */ = {
			isa = PBXGroup;
			children = (
				668D54FC23284871005BE83A /* NetworkManager_Example.app */,
			);
			name = Products;
			sourceTree = "<group>";
		};
		668D54FE23284871005BE83A /* NetworkManager_Example */ = {
			isa = PBXGroup;
			children = (
				668D551F2328493D005BE83A /* Stories */,
				668D55112328487B005BE83A /* Services */,
				668D5523232912E3005BE83A /* Models */,
				662D3B5123291D5400BC3009 /* Extensions */,
				668D551E23284929005BE83A /* Resources */,
				668D550B23284872005BE83A /* Info.plist */,
			);
			path = NetworkManager_Example;
			sourceTree = "<group>";
		};
		668D55112328487B005BE83A /* Services */ = {
			isa = PBXGroup;
			children = (
				668D551223284885005BE83A /* Networking */,
			);
			path = Services;
			sourceTree = "<group>";
		};
		668D551223284885005BE83A /* Networking */ = {
			isa = PBXGroup;
			children = (
				668D5515232848DF005BE83A /* Manager */,
				668D5516232848E8005BE83A /* RequestBuilder */,
				668D5517232848F1005BE83A /* Service */,
			);
			path = Networking;
			sourceTree = "<group>";
		};
		668D5515232848DF005BE83A /* Manager */ = {
			isa = PBXGroup;
			children = (
				668D551823284900005BE83A /* NetworkManager.swift */,
			);
			path = Manager;
			sourceTree = "<group>";
		};
		668D5516232848E8005BE83A /* RequestBuilder */ = {
			isa = PBXGroup;
			children = (
				668D551B23284908005BE83A /* RequestBuilder.swift */,
				668D551A23284908005BE83A /* HTTPMethod.swift */,
			);
			path = RequestBuilder;
			sourceTree = "<group>";
		};
		668D5517232848F1005BE83A /* Service */ = {
			isa = PBXGroup;
			children = (
				668D552023291281005BE83A /* TodosService.swift */,
			);
			path = Service;
			sourceTree = "<group>";
		};
		668D551E23284929005BE83A /* Resources */ = {
			isa = PBXGroup;
			children = (
				668D550623284872005BE83A /* Assets.xcassets */,
				668D54FF23284871005BE83A /* AppDelegate.swift */,
				668D550323284871005BE83A /* Main.storyboard */,
				668D550823284872005BE83A /* LaunchScreen.storyboard */,
			);
			path = Resources;
			sourceTree = "<group>";
		};
		668D551F2328493D005BE83A /* Stories */ = {
			isa = PBXGroup;
			children = (
				662D3B4E232919DF00BC3009 /* TodoList */,
			);
			path = Stories;
			sourceTree = "<group>";
		};
		668D5523232912E3005BE83A /* Models */ = {
			isa = PBXGroup;
			children = (
				662D3B492329142700BC3009 /* Todos */,
			);
			path = Models;
			sourceTree = "<group>";
		};
/* End PBXGroup section */

/* Begin PBXNativeTarget section */
		668D54FB23284871005BE83A /* NetworkManager_Example */ = {
			isa = PBXNativeTarget;
			buildConfigurationList = 668D550E23284872005BE83A /* Build configuration list for PBXNativeTarget "NetworkManager_Example" */;
			buildPhases = (
				668D54F823284871005BE83A /* Sources */,
				668D54F923284871005BE83A /* Frameworks */,
				668D54FA23284871005BE83A /* Resources */,
			);
			buildRules = (
			);
			dependencies = (
			);
			name = NetworkManager_Example;
			productName = NetworkManager_Example;
			productReference = 668D54FC23284871005BE83A /* NetworkManager_Example.app */;
			productType = "com.apple.product-type.application";
		};
/* End PBXNativeTarget section */

/* Begin PBXProject section */
		668D54F423284871005BE83A /* Project object */ = {
			isa = PBXProject;
			attributes = {
				LastSwiftUpdateCheck = 1020;
				LastUpgradeCheck = 1020;
				ORGANIZATIONNAME = "Dima Senchik";
				TargetAttributes = {
					668D54FB23284871005BE83A = {
						CreatedOnToolsVersion = 10.2.1;
					};
				};
			};
			buildConfigurationList = 668D54F723284871005BE83A /* Build configuration list for PBXProject "NetworkManager_Example" */;
			compatibilityVersion = "Xcode 9.3";
			developmentRegion = en;
			hasScannedForEncodings = 0;
			knownRegions = (
				en,
				Base,
			);
			mainGroup = 668D54F323284871005BE83A;
			productRefGroup = 668D54FD23284871005BE83A /* Products */;
			projectDirPath = "";
			projectRoot = "";
			targets = (
				668D54FB23284871005BE83A /* NetworkManager_Example */,
			);
		};
/* End PBXProject section */

/* Begin PBXResourcesBuildPhase section */
		668D54FA23284871005BE83A /* Resources */ = {
			isa = PBXResourcesBuildPhase;
			buildActionMask = 2147483647;
			files = (
				668D550A23284872005BE83A /* LaunchScreen.storyboard in Resources */,
				668D550723284872005BE83A /* Assets.xcassets in Resources */,
				668D550523284871005BE83A /* Main.storyboard in Resources */,
			);
			runOnlyForDeploymentPostprocessing = 0;
		};
/* End PBXResourcesBuildPhase section */

/* Begin PBXSourcesBuildPhase section */
		668D54F823284871005BE83A /* Sources */ = {
			isa = PBXSourcesBuildPhase;
			buildActionMask = 2147483647;
			files = (
				668D551D23284908005BE83A /* RequestBuilder.swift in Sources */,
				668D551C23284908005BE83A /* HTTPMethod.swift in Sources */,
				662D3B5023291BB600BC3009 /* TaskTableViewCell.swift in Sources */,
				668D551923284900005BE83A /* NetworkManager.swift in Sources */,
				668D552123291281005BE83A /* TodosService.swift in Sources */,
				668D550223284871005BE83A /* TodoListViewController.swift in Sources */,
				668D550023284871005BE83A /* AppDelegate.swift in Sources */,
				662D3B4B2329143500BC3009 /* TodoResponseModel.swift in Sources */,
				662D3B4D2329144400BC3009 /* TodoDomainModel.swift in Sources */,
				662D3B5323291DAD00BC3009 /* Alertable.swift in Sources */,
				662D3B5623291E6000BC3009 /* TodoListModel.swift in Sources */,
			);
			runOnlyForDeploymentPostprocessing = 0;
		};
/* End PBXSourcesBuildPhase section */

/* Begin PBXVariantGroup section */
		668D550323284871005BE83A /* Main.storyboard */ = {
			isa = PBXVariantGroup;
			children = (
				668D550423284871005BE83A /* Base */,
			);
			name = Main.storyboard;
			sourceTree = "<group>";
		};
		668D550823284872005BE83A /* LaunchScreen.storyboard */ = {
			isa = PBXVariantGroup;
			children = (
				668D550923284872005BE83A /* Base */,
			);
			name = LaunchScreen.storyboard;
			sourceTree = "<group>";
		};
/* End PBXVariantGroup section */

/* Begin XCBuildConfiguration section */
		668D550C23284872005BE83A /* Debug */ = {
			isa = XCBuildConfiguration;
			buildSettings = {
				ALWAYS_SEARCH_USER_PATHS = NO;
				CLANG_ANALYZER_NONNULL = YES;
				CLANG_ANALYZER_NUMBER_OBJECT_CONVERSION = YES_AGGRESSIVE;
				CLANG_CXX_LANGUAGE_STANDARD = "gnu++14";
				CLANG_CXX_LIBRARY = "libc++";
				CLANG_ENABLE_MODULES = YES;
				CLANG_ENABLE_OBJC_ARC = YES;
				CLANG_ENABLE_OBJC_WEAK = YES;
				CLANG_WARN_BLOCK_CAPTURE_AUTORELEASING = YES;
				CLANG_WARN_BOOL_CONVERSION = YES;
				CLANG_WARN_COMMA = YES;
				CLANG_WARN_CONSTANT_CONVERSION = YES;
				CLANG_WARN_DEPRECATED_OBJC_IMPLEMENTATIONS = YES;
				CLANG_WARN_DIRECT_OBJC_ISA_USAGE = YES_ERROR;
				CLANG_WARN_DOCUMENTATION_COMMENTS = YES;
				CLANG_WARN_EMPTY_BODY = YES;
				CLANG_WARN_ENUM_CONVERSION = YES;
				CLANG_WARN_INFINITE_RECURSION = YES;
				CLANG_WARN_INT_CONVERSION = YES;
				CLANG_WARN_NON_LITERAL_NULL_CONVERSION = YES;
				CLANG_WARN_OBJC_IMPLICIT_RETAIN_SELF = YES;
				CLANG_WARN_OBJC_LITERAL_CONVERSION = YES;
				CLANG_WARN_OBJC_ROOT_CLASS = YES_ERROR;
				CLANG_WARN_RANGE_LOOP_ANALYSIS = YES;
				CLANG_WARN_STRICT_PROTOTYPES = YES;
				CLANG_WARN_SUSPICIOUS_MOVE = YES;
				CLANG_WARN_UNGUARDED_AVAILABILITY = YES_AGGRESSIVE;
				CLANG_WARN_UNREACHABLE_CODE = YES;
				CLANG_WARN__DUPLICATE_METHOD_MATCH = YES;
				CODE_SIGN_IDENTITY = "iPhone Developer";
				COPY_PHASE_STRIP = NO;
				DEBUG_INFORMATION_FORMAT = dwarf;
				ENABLE_STRICT_OBJC_MSGSEND = YES;
				ENABLE_TESTABILITY = YES;
				GCC_C_LANGUAGE_STANDARD = gnu11;
				GCC_DYNAMIC_NO_PIC = NO;
				GCC_NO_COMMON_BLOCKS = YES;
				GCC_OPTIMIZATION_LEVEL = 0;
				GCC_PREPROCESSOR_DEFINITIONS = (
					"DEBUG=1",
					"$(inherited)",
				);
				GCC_WARN_64_TO_32_BIT_CONVERSION = YES;
				GCC_WARN_ABOUT_RETURN_TYPE = YES_ERROR;
				GCC_WARN_UNDECLARED_SELECTOR = YES;
				GCC_WARN_UNINITIALIZED_AUTOS = YES_AGGRESSIVE;
				GCC_WARN_UNUSED_FUNCTION = YES;
				GCC_WARN_UNUSED_VARIABLE = YES;
				IPHONEOS_DEPLOYMENT_TARGET = 12.2;
				MTL_ENABLE_DEBUG_INFO = INCLUDE_SOURCE;
				MTL_FAST_MATH = YES;
				ONLY_ACTIVE_ARCH = YES;
				SDKROOT = iphoneos;
				SWIFT_ACTIVE_COMPILATION_CONDITIONS = DEBUG;
				SWIFT_OPTIMIZATION_LEVEL = "-Onone";
			};
			name = Debug;
		};
		668D550D23284872005BE83A /* Release */ = {
			isa = XCBuildConfiguration;
			buildSettings = {
				ALWAYS_SEARCH_USER_PATHS = NO;
				CLANG_ANALYZER_NONNULL = YES;
				CLANG_ANALYZER_NUMBER_OBJECT_CONVERSION = YES_AGGRESSIVE;
				CLANG_CXX_LANGUAGE_STANDARD = "gnu++14";
				CLANG_CXX_LIBRARY = "libc++";
				CLANG_ENABLE_MODULES = YES;
				CLANG_ENABLE_OBJC_ARC = YES;
				CLANG_ENABLE_OBJC_WEAK = YES;
				CLANG_WARN_BLOCK_CAPTURE_AUTORELEASING = YES;
				CLANG_WARN_BOOL_CONVERSION = YES;
				CLANG_WARN_COMMA = YES;
				CLANG_WARN_CONSTANT_CONVERSION = YES;
				CLANG_WARN_DEPRECATED_OBJC_IMPLEMENTATIONS = YES;
				CLANG_WARN_DIRECT_OBJC_ISA_USAGE = YES_ERROR;
				CLANG_WARN_DOCUMENTATION_COMMENTS = YES;
				CLANG_WARN_EMPTY_BODY = YES;
				CLANG_WARN_ENUM_CONVERSION = YES;
				CLANG_WARN_INFINITE_RECURSION = YES;
				CLANG_WARN_INT_CONVERSION = YES;
				CLANG_WARN_NON_LITERAL_NULL_CONVERSION = YES;
				CLANG_WARN_OBJC_IMPLICIT_RETAIN_SELF = YES;
				CLANG_WARN_OBJC_LITERAL_CONVERSION = YES;
				CLANG_WARN_OBJC_ROOT_CLASS = YES_ERROR;
				CLANG_WARN_RANGE_LOOP_ANALYSIS = YES;
				CLANG_WARN_STRICT_PROTOTYPES = YES;
				CLANG_WARN_SUSPICIOUS_MOVE = YES;
				CLANG_WARN_UNGUARDED_AVAILABILITY = YES_AGGRESSIVE;
				CLANG_WARN_UNREACHABLE_CODE = YES;
				CLANG_WARN__DUPLICATE_METHOD_MATCH = YES;
				CODE_SIGN_IDENTITY = "iPhone Developer";
				COPY_PHASE_STRIP = NO;
				DEBUG_INFORMATION_FORMAT = "dwarf-with-dsym";
				ENABLE_NS_ASSERTIONS = NO;
				ENABLE_STRICT_OBJC_MSGSEND = YES;
				GCC_C_LANGUAGE_STANDARD = gnu11;
				GCC_NO_COMMON_BLOCKS = YES;
				GCC_WARN_64_TO_32_BIT_CONVERSION = YES;
				GCC_WARN_ABOUT_RETURN_TYPE = YES_ERROR;
				GCC_WARN_UNDECLARED_SELECTOR = YES;
				GCC_WARN_UNINITIALIZED_AUTOS = YES_AGGRESSIVE;
				GCC_WARN_UNUSED_FUNCTION = YES;
				GCC_WARN_UNUSED_VARIABLE = YES;
				IPHONEOS_DEPLOYMENT_TARGET = 12.2;
				MTL_ENABLE_DEBUG_INFO = NO;
				MTL_FAST_MATH = YES;
				SDKROOT = iphoneos;
				SWIFT_COMPILATION_MODE = wholemodule;
				SWIFT_OPTIMIZATION_LEVEL = "-O";
				VALIDATE_PRODUCT = YES;
			};
			name = Release;
		};
		668D550F23284872005BE83A /* Debug */ = {
			isa = XCBuildConfiguration;
			buildSettings = {
				ASSETCATALOG_COMPILER_APPICON_NAME = AppIcon;
				CODE_SIGN_STYLE = Automatic;
				DEVELOPMENT_TEAM = RZHJG434LF;
				INFOPLIST_FILE = NetworkManager_Example/Info.plist;
				LD_RUNPATH_SEARCH_PATHS = (
					"$(inherited)",
					"@executable_path/Frameworks",
				);
				PRODUCT_BUNDLE_IDENTIFIER = "ss.NetworkManager-Example";
				PRODUCT_NAME = "$(TARGET_NAME)";
				SWIFT_VERSION = 5.0;
				TARGETED_DEVICE_FAMILY = "1,2";
			};
			name = Debug;
		};
		668D551023284872005BE83A /* Release */ = {
			isa = XCBuildConfiguration;
			buildSettings = {
				ASSETCATALOG_COMPILER_APPICON_NAME = AppIcon;
				CODE_SIGN_STYLE = Automatic;
				DEVELOPMENT_TEAM = RZHJG434LF;
				INFOPLIST_FILE = NetworkManager_Example/Info.plist;
				LD_RUNPATH_SEARCH_PATHS = (
					"$(inherited)",
					"@executable_path/Frameworks",
				);
				PRODUCT_BUNDLE_IDENTIFIER = "ss.NetworkManager-Example";
				PRODUCT_NAME = "$(TARGET_NAME)";
				SWIFT_VERSION = 5.0;
				TARGETED_DEVICE_FAMILY = "1,2";
			};
			name = Release;
		};
/* End XCBuildConfiguration section */

/* Begin XCConfigurationList section */
		668D54F723284871005BE83A /* Build configuration list for PBXProject "NetworkManager_Example" */ = {
			isa = XCConfigurationList;
			buildConfigurations = (
				668D550C23284872005BE83A /* Debug */,
				668D550D23284872005BE83A /* Release */,
			);
			defaultConfigurationIsVisible = 0;
			defaultConfigurationName = Release;
		};
		668D550E23284872005BE83A /* Build configuration list for PBXNativeTarget "NetworkManager_Example" */ = {
			isa = XCConfigurationList;
			buildConfigurations = (
				668D550F23284872005BE83A /* Debug */,
				668D551023284872005BE83A /* Release */,
			);
			defaultConfigurationIsVisible = 0;
			defaultConfigurationName = Release;
		};
/* End XCConfigurationList section */
	};
	rootObject = 668D54F423284871005BE83A /* Project object */;
}
